// !$*UTF8*$!
{
	archiveVersion = 1;
	classes = {
	};
	objectVersion = 50;
	objects = {

/* Begin PBXBuildFile section */
		C53A8E38269486120060D132 /* DetailDishView.swift in Sources */ = {isa = PBXBuildFile; fileRef = C53A8E37269486120060D132 /* DetailDishView.swift */; };
		C53E3AF62691F6CA00E56F4F /* FoodieApp.swift in Sources */ = {isa = PBXBuildFile; fileRef = C53E3AF52691F6CA00E56F4F /* FoodieApp.swift */; };
		C53E3AF82691F6CA00E56F4F /* HomeScreenView.swift in Sources */ = {isa = PBXBuildFile; fileRef = C53E3AF72691F6CA00E56F4F /* HomeScreenView.swift */; };
		C53E3AFA2691F6D500E56F4F /* Assets.xcassets in Resources */ = {isa = PBXBuildFile; fileRef = C53E3AF92691F6D500E56F4F /* Assets.xcassets */; };
		C53E3AFD2691F6D500E56F4F /* Preview Assets.xcassets in Resources */ = {isa = PBXBuildFile; fileRef = C53E3AFC2691F6D500E56F4F /* Preview Assets.xcassets */; };
		C564996C26972E9000F9C9F2 /* WishListView.swift in Sources */ = {isa = PBXBuildFile; fileRef = C564996B26972E9000F9C9F2 /* WishListView.swift */; };
		C5968E9C26935B440028E4E7 /* SearchView.swift in Sources */ = {isa = PBXBuildFile; fileRef = C5968E9B26935B440028E4E7 /* SearchView.swift */; };
		C5968E9F269369320028E4E7 /* CartScreenView.swift in Sources */ = {isa = PBXBuildFile; fileRef = C5968E9E269369320028E4E7 /* CartScreenView.swift */; };
		C5968EA2269369440028E4E7 /* ProfileScreenView.swift in Sources */ = {isa = PBXBuildFile; fileRef = C5968EA1269369440028E4E7 /* ProfileScreenView.swift */; };
		C5968EA526936C2A0028E4E7 /* SearchedItemDetailListView.swift in Sources */ = {isa = PBXBuildFile; fileRef = C5968EA426936C2A0028E4E7 /* SearchedItemDetailListView.swift */; };
		C5FC6523269214C7002AD1CE /* Constants.swift in Sources */ = {isa = PBXBuildFile; fileRef = C5FC6522269214C7002AD1CE /* Constants.swift */; };
		C5FC652626921808002AD1CE /* MainView.swift in Sources */ = {isa = PBXBuildFile; fileRef = C5FC652526921808002AD1CE /* MainView.swift */; };
/* End PBXBuildFile section */

/* Begin PBXFileReference section */
		C53A8E37269486120060D132 /* DetailDishView.swift */ = {isa = PBXFileReference; lastKnownFileType = sourcecode.swift; path = DetailDishView.swift; sourceTree = "<group>"; };
		C53E3AF22691F6CA00E56F4F /* Foodie.app */ = {isa = PBXFileReference; explicitFileType = wrapper.application; includeInIndex = 0; path = Foodie.app; sourceTree = BUILT_PRODUCTS_DIR; };
		C53E3AF52691F6CA00E56F4F /* FoodieApp.swift */ = {isa = PBXFileReference; lastKnownFileType = sourcecode.swift; path = FoodieApp.swift; sourceTree = "<group>"; };
		C53E3AF72691F6CA00E56F4F /* HomeScreenView.swift */ = {isa = PBXFileReference; lastKnownFileType = sourcecode.swift; path = HomeScreenView.swift; sourceTree = "<group>"; };
		C53E3AF92691F6D500E56F4F /* Assets.xcassets */ = {isa = PBXFileReference; lastKnownFileType = folder.assetcatalog; path = Assets.xcassets; sourceTree = "<group>"; };
		C53E3AFC2691F6D500E56F4F /* Preview Assets.xcassets */ = {isa = PBXFileReference; lastKnownFileType = folder.assetcatalog; path = "Preview Assets.xcassets"; sourceTree = "<group>"; };
		C53E3AFE2691F6D500E56F4F /* Info.plist */ = {isa = PBXFileReference; lastKnownFileType = text.plist.xml; path = Info.plist; sourceTree = "<group>"; };
		C564996B26972E9000F9C9F2 /* WishListView.swift */ = {isa = PBXFileReference; lastKnownFileType = sourcecode.swift; path = WishListView.swift; sourceTree = "<group>"; };
		C5968E9B26935B440028E4E7 /* SearchView.swift */ = {isa = PBXFileReference; lastKnownFileType = sourcecode.swift; path = SearchView.swift; sourceTree = "<group>"; };
		C5968E9E269369320028E4E7 /* CartScreenView.swift */ = {isa = PBXFileReference; lastKnownFileType = sourcecode.swift; path = CartScreenView.swift; sourceTree = "<group>"; };
		C5968EA1269369440028E4E7 /* ProfileScreenView.swift */ = {isa = PBXFileReference; lastKnownFileType = sourcecode.swift; path = ProfileScreenView.swift; sourceTree = "<group>"; };
		C5968EA426936C2A0028E4E7 /* SearchedItemDetailListView.swift */ = {isa = PBXFileReference; lastKnownFileType = sourcecode.swift; path = SearchedItemDetailListView.swift; sourceTree = "<group>"; };
		C5FC6522269214C7002AD1CE /* Constants.swift */ = {isa = PBXFileReference; lastKnownFileType = sourcecode.swift; path = Constants.swift; sourceTree = "<group>"; };
		C5FC652526921808002AD1CE /* MainView.swift */ = {isa = PBXFileReference; lastKnownFileType = sourcecode.swift; path = MainView.swift; sourceTree = "<group>"; };
/* End PBXFileReference section */

/* Begin PBXFrameworksBuildPhase section */
		C53E3AEF2691F6CA00E56F4F /* Frameworks */ = {
			isa = PBXFrameworksBuildPhase;
			buildActionMask = 2147483647;
			files = (
			);
			runOnlyForDeploymentPostprocessing = 0;
		};
/* End PBXFrameworksBuildPhase section */

/* Begin PBXGroup section */
		C53E3AE92691F6CA00E56F4F = {
			isa = PBXGroup;
			children = (
				C53E3AF42691F6CA00E56F4F /* Foodie */,
				C53E3AF32691F6CA00E56F4F /* Products */,
			);
			sourceTree = "<group>";
		};
		C53E3AF32691F6CA00E56F4F /* Products */ = {
			isa = PBXGroup;
			children = (
				C53E3AF22691F6CA00E56F4F /* Foodie.app */,
			);
			name = Products;
			sourceTree = "<group>";
		};
		C53E3AF42691F6CA00E56F4F /* Foodie */ = {
			isa = PBXGroup;
			children = (
				C564996E26974B0000F9C9F2 /* Model */,
				C564996F26974B0900F9C9F2 /* View */,
				C53E3AF52691F6CA00E56F4F /* FoodieApp.swift */,
				C53E3AF72691F6CA00E56F4F /* HomeScreenView.swift */,
				C5FC652526921808002AD1CE /* MainView.swift */,
				C5968E9B26935B440028E4E7 /* SearchView.swift */,
				C5968EA426936C2A0028E4E7 /* SearchedItemDetailListView.swift */,
				C5968E9E269369320028E4E7 /* CartScreenView.swift */,
				C53A8E37269486120060D132 /* DetailDishView.swift */,
				C564996B26972E9000F9C9F2 /* WishListView.swift */,
				C5968EA1269369440028E4E7 /* ProfileScreenView.swift */,
				C5FC6522269214C7002AD1CE /* Constants.swift */,
				C53E3AF92691F6D500E56F4F /* Assets.xcassets */,
				C53E3AFE2691F6D500E56F4F /* Info.plist */,
				C53E3AFB2691F6D500E56F4F /* Preview Content */,
			);
			path = Foodie;
			sourceTree = "<group>";
		};
		C53E3AFB2691F6D500E56F4F /* Preview Content */ = {
			isa = PBXGroup;
			children = (
				C53E3AFC2691F6D500E56F4F /* Preview Assets.xcassets */,
			);
			path = "Preview Content";
			sourceTree = "<group>";
		};
		C564996E26974B0000F9C9F2 /* Model */ = {
			isa = PBXGroup;
			children = (
			);
			path = Model;
			sourceTree = "<group>";
		};
		C564996F26974B0900F9C9F2 /* View */ = {
			isa = PBXGroup;
			children = (
			);
			path = View;
			sourceTree = "<group>";
		};
/* End PBXGroup section */

/* Begin PBXNativeTarget section */
		C53E3AF12691F6CA00E56F4F /* Foodie */ = {
			isa = PBXNativeTarget;
			buildConfigurationList = C53E3B012691F6D500E56F4F /* Build configuration list for PBXNativeTarget "Foodie" */;
			buildPhases = (
				C53E3AEE2691F6CA00E56F4F /* Sources */,
				C53E3AEF2691F6CA00E56F4F /* Frameworks */,
				C53E3AF02691F6CA00E56F4F /* Resources */,
			);
			buildRules = (
			);
			dependencies = (
			);
			name = Foodie;
			productName = Foodie;
			productReference = C53E3AF22691F6CA00E56F4F /* Foodie.app */;
			productType = "com.apple.product-type.application";
		};
/* End PBXNativeTarget section */

/* Begin PBXProject section */
		C53E3AEA2691F6CA00E56F4F /* Project object */ = {
			isa = PBXProject;
			attributes = {
				LastSwiftUpdateCheck = 1230;
				LastUpgradeCheck = 1230;
				TargetAttributes = {
					C53E3AF12691F6CA00E56F4F = {
						CreatedOnToolsVersion = 12.3;
					};
				};
			};
			buildConfigurationList = C53E3AED2691F6CA00E56F4F /* Build configuration list for PBXProject "Foodie" */;
			compatibilityVersion = "Xcode 9.3";
			developmentRegion = en;
			hasScannedForEncodings = 0;
			knownRegions = (
				en,
				Base,
			);
			mainGroup = C53E3AE92691F6CA00E56F4F;
			productRefGroup = C53E3AF32691F6CA00E56F4F /* Products */;
			projectDirPath = "";
			projectRoot = "";
			targets = (
				C53E3AF12691F6CA00E56F4F /* Foodie */,
			);
		};
/* End PBXProject section */

/* Begin PBXResourcesBuildPhase section */
		C53E3AF02691F6CA00E56F4F /* Resources */ = {
			isa = PBXResourcesBuildPhase;
			buildActionMask = 2147483647;
			files = (
				C53E3AFD2691F6D500E56F4F /* Preview Assets.xcassets in Resources */,
				C53E3AFA2691F6D500E56F4F /* Assets.xcassets in Resources */,
			);
			runOnlyForDeploymentPostprocessing = 0;
		};
/* End PBXResourcesBuildPhase section */

/* Begin PBXSourcesBuildPhase section */
		C53E3AEE2691F6CA00E56F4F /* Sources */ = {
			isa = PBXSourcesBuildPhase;
			buildActionMask = 2147483647;
			files = (
				C53A8E38269486120060D132 /* DetailDishView.swift in Sources */,
				C5968E9C26935B440028E4E7 /* SearchView.swift in Sources */,
				C53E3AF82691F6CA00E56F4F /* HomeScreenView.swift in Sources */,
				C5FC652626921808002AD1CE /* MainView.swift in Sources */,
				C53E3AF62691F6CA00E56F4F /* FoodieApp.swift in Sources */,
				C564996C26972E9000F9C9F2 /* WishListView.swift in Sources */,
				C5968EA2269369440028E4E7 /* ProfileScreenView.swift in Sources */,
				C5968E9F269369320028E4E7 /* CartScreenView.swift in Sources */,
				C5968EA526936C2A0028E4E7 /* SearchedItemDetailListView.swift in Sources */,
				C5FC6523269214C7002AD1CE /* Constants.swift in Sources */,
			);
			runOnlyForDeploymentPostprocessing = 0;
		};
/* End PBXSourcesBuildPhase section */

/* Begin XCBuildConfiguration section */
		C53E3AFF2691F6D500E56F4F /* Debug */ = {
			isa = XCBuildConfiguration;
			buildSettings = {
				ALWAYS_SEARCH_USER_PATHS = NO;
				CLANG_ANALYZER_NONNULL = YES;
				CLANG_ANALYZER_NUMBER_OBJECT_CONVERSION = YES_AGGRESSIVE;
				CLANG_CXX_LANGUAGE_STANDARD = "gnu++14";
				CLANG_CXX_LIBRARY = "libc++";
				CLANG_ENABLE_MODULES = YES;
				CLANG_ENABLE_OBJC_ARC = YES;
				CLANG_ENABLE_OBJC_WEAK = YES;
				CLANG_WARN_BLOCK_CAPTURE_AUTORELEASING = YES;
				CLANG_WARN_BOOL_CONVERSION = YES;
				CLANG_WARN_COMMA = YES;
				CLANG_WARN_CONSTANT_CONVERSION = YES;
				CLANG_WARN_DEPRECATED_OBJC_IMPLEMENTATIONS = YES;
				CLANG_WARN_DIRECT_OBJC_ISA_USAGE = YES_ERROR;
				CLANG_WARN_DOCUMENTATION_COMMENTS = YES;
				CLANG_WARN_EMPTY_BODY = YES;
				CLANG_WARN_ENUM_CONVERSION = YES;
				CLANG_WARN_INFINITE_RECURSION = YES;
				CLANG_WARN_INT_CONVERSION = YES;
				CLANG_WARN_NON_LITERAL_NULL_CONVERSION = YES;
				CLANG_WARN_OBJC_IMPLICIT_RETAIN_SELF = YES;
				CLANG_WARN_OBJC_LITERAL_CONVERSION = YES;
				CLANG_WARN_OBJC_ROOT_CLASS = YES_ERROR;
				CLANG_WARN_QUOTED_INCLUDE_IN_FRAMEWORK_HEADER = YES;
				CLANG_WARN_RANGE_LOOP_ANALYSIS = YES;
				CLANG_WARN_STRICT_PROTOTYPES = YES;
				CLANG_WARN_SUSPICIOUS_MOVE = YES;
				CLANG_WARN_UNGUARDED_AVAILABILITY = YES_AGGRESSIVE;
				CLANG_WARN_UNREACHABLE_CODE = YES;
				CLANG_WARN__DUPLICATE_METHOD_MATCH = YES;
				COPY_PHASE_STRIP = NO;
				DEBUG_INFORMATION_FORMAT = dwarf;
				ENABLE_STRICT_OBJC_MSGSEND = YES;
				ENABLE_TESTABILITY = YES;
				GCC_C_LANGUAGE_STANDARD = gnu11;
				GCC_DYNAMIC_NO_PIC = NO;
				GCC_NO_COMMON_BLOCKS = YES;
				GCC_OPTIMIZATION_LEVEL = 0;
				GCC_PREPROCESSOR_DEFINITIONS = (
					"DEBUG=1",
					"$(inherited)",
				);
				GCC_WARN_64_TO_32_BIT_CONVERSION = YES;
				GCC_WARN_ABOUT_RETURN_TYPE = YES_ERROR;
				GCC_WARN_UNDECLARED_SELECTOR = YES;
				GCC_WARN_UNINITIALIZED_AUTOS = YES_AGGRESSIVE;
				GCC_WARN_UNUSED_FUNCTION = YES;
				GCC_WARN_UNUSED_VARIABLE = YES;
				IPHONEOS_DEPLOYMENT_TARGET = 14.3;
				MTL_ENABLE_DEBUG_INFO = INCLUDE_SOURCE;
				MTL_FAST_MATH = YES;
				ONLY_ACTIVE_ARCH = YES;
				SDKROOT = iphoneos;
				SWIFT_ACTIVE_COMPILATION_CONDITIONS = DEBUG;
				SWIFT_OPTIMIZATION_LEVEL = "-Onone";
			};
			name = Debug;
		};
		C53E3B002691F6D500E56F4F /* Release */ = {
			isa = XCBuildConfiguration;
			buildSettings = {
				ALWAYS_SEARCH_USER_PATHS = NO;
				CLANG_ANALYZER_NONNULL = YES;
				CLANG_ANALYZER_NUMBER_OBJECT_CONVERSION = YES_AGGRESSIVE;
				CLANG_CXX_LANGUAGE_STANDARD = "gnu++14";
				CLANG_CXX_LIBRARY = "libc++";
				CLANG_ENABLE_MODULES = YES;
				CLANG_ENABLE_OBJC_ARC = YES;
				CLANG_ENABLE_OBJC_WEAK = YES;
				CLANG_WARN_BLOCK_CAPTURE_AUTORELEASING = YES;
				CLANG_WARN_BOOL_CONVERSION = YES;
				CLANG_WARN_COMMA = YES;
				CLANG_WARN_CONSTANT_CONVERSION = YES;
				CLANG_WARN_DEPRECATED_OBJC_IMPLEMENTATIONS = YES;
				CLANG_WARN_DIRECT_OBJC_ISA_USAGE = YES_ERROR;
				CLANG_WARN_DOCUMENTATION_COMMENTS = YES;
				CLANG_WARN_EMPTY_BODY = YES;
				CLANG_WARN_ENUM_CONVERSION = YES;
				CLANG_WARN_INFINITE_RECURSION = YES;
				CLANG_WARN_INT_CONVERSION = YES;
				CLANG_WARN_NON_LITERAL_NULL_CONVERSION = YES;
				CLANG_WARN_OBJC_IMPLICIT_RETAIN_SELF = YES;
				CLANG_WARN_OBJC_LITERAL_CONVERSION = YES;
				CLANG_WARN_OBJC_ROOT_CLASS = YES_ERROR;
				CLANG_WARN_QUOTED_INCLUDE_IN_FRAMEWORK_HEADER = YES;
				CLANG_WARN_RANGE_LOOP_ANALYSIS = YES;
				CLANG_WARN_STRICT_PROTOTYPES = YES;
				CLANG_WARN_SUSPICIOUS_MOVE = YES;
				CLANG_WARN_UNGUARDED_AVAILABILITY = YES_AGGRESSIVE;
				CLANG_WARN_UNREACHABLE_CODE = YES;
				CLANG_WARN__DUPLICATE_METHOD_MATCH = YES;
				COPY_PHASE_STRIP = NO;
				DEBUG_INFORMATION_FORMAT = "dwarf-with-dsym";
				ENABLE_NS_ASSERTIONS = NO;
				ENABLE_STRICT_OBJC_MSGSEND = YES;
				GCC_C_LANGUAGE_STANDARD = gnu11;
				GCC_NO_COMMON_BLOCKS = YES;
				GCC_WARN_64_TO_32_BIT_CONVERSION = YES;
				GCC_WARN_ABOUT_RETURN_TYPE = YES_ERROR;
				GCC_WARN_UNDECLARED_SELECTOR = YES;
				GCC_WARN_UNINITIALIZED_AUTOS = YES_AGGRESSIVE;
				GCC_WARN_UNUSED_FUNCTION = YES;
				GCC_WARN_UNUSED_VARIABLE = YES;
				IPHONEOS_DEPLOYMENT_TARGET = 14.3;
				MTL_ENABLE_DEBUG_INFO = NO;
				MTL_FAST_MATH = YES;
				SDKROOT = iphoneos;
				SWIFT_COMPILATION_MODE = wholemodule;
				SWIFT_OPTIMIZATION_LEVEL = "-O";
				VALIDATE_PRODUCT = YES;
			};
			name = Release;
		};
		C53E3B022691F6D500E56F4F /* Debug */ = {
			isa = XCBuildConfiguration;
			buildSettings = {
				ASSETCATALOG_COMPILER_APPICON_NAME = AppIcon;
				ASSETCATALOG_COMPILER_GLOBAL_ACCENT_COLOR_NAME = AccentColor;
				CODE_SIGN_STYLE = Automatic;
				DEVELOPMENT_ASSET_PATHS = "\"Foodie/Preview Content\"";
				DEVELOPMENT_TEAM = S724H8C4NA;
				ENABLE_PREVIEWS = YES;
				INFOPLIST_FILE = Foodie/Info.plist;
				IPHONEOS_DEPLOYMENT_TARGET = 14.0;
				LD_RUNPATH_SEARCH_PATHS = (
					"$(inherited)",
					"@executable_path/Frameworks",
				);
				PRODUCT_BUNDLE_IDENTIFIER = com.atp.foodie.Foodie;
				PRODUCT_NAME = "$(TARGET_NAME)";
				SWIFT_VERSION = 5.0;
				TARGETED_DEVICE_FAMILY = "1,2";
			};
			name = Debug;
		};
		C53E3B032691F6D500E56F4F /* Release */ = {
			isa = XCBuildConfiguration;
			buildSettings = {
				ASSETCATALOG_COMPILER_APPICON_NAME = AppIcon;
				ASSETCATALOG_COMPILER_GLOBAL_ACCENT_COLOR_NAME = AccentColor;
				CODE_SIGN_STYLE = Automatic;
				DEVELOPMENT_ASSET_PATHS = "\"Foodie/Preview Content\"";
				DEVELOPMENT_TEAM = S724H8C4NA;
				ENABLE_PREVIEWS = YES;
				INFOPLIST_FILE = Foodie/Info.plist;
				IPHONEOS_DEPLOYMENT_TARGET = 14.0;
				LD_RUNPATH_SEARCH_PATHS = (
					"$(inherited)",
					"@executable_path/Frameworks",
				);
				PRODUCT_BUNDLE_IDENTIFIER = com.atp.foodie.Foodie;
				PRODUCT_NAME = "$(TARGET_NAME)";
				SWIFT_VERSION = 5.0;
				TARGETED_DEVICE_FAMILY = "1,2";
			};
			name = Release;
		};
/* End XCBuildConfiguration section */

/* Begin XCConfigurationList section */
		C53E3AED2691F6CA00E56F4F /* Build configuration list for PBXProject "Foodie" */ = {
			isa = XCConfigurationList;
			buildConfigurations = (
				C53E3AFF2691F6D500E56F4F /* Debug */,
				C53E3B002691F6D500E56F4F /* Release */,
			);
			defaultConfigurationIsVisible = 0;
			defaultConfigurationName = Release;
		};
		C53E3B012691F6D500E56F4F /* Build configuration list for PBXNativeTarget "Foodie" */ = {
			isa = XCConfigurationList;
			buildConfigurations = (
				C53E3B022691F6D500E56F4F /* Debug */,
				C53E3B032691F6D500E56F4F /* Release */,
			);
			defaultConfigurationIsVisible = 0;
			defaultConfigurationName = Release;
		};
/* End XCConfigurationList section */
	};
	rootObject = C53E3AEA2691F6CA00E56F4F /* Project object */;
}
